PODS:
  - FileProvider (0.10.3)
  - Nimble (5.1.1)
  - Quick (1.0.0)
  - SWXMLHash (3.0.3)

DEPENDENCIES:
  - FileProvider (~> 0.10.3)
  - Nimble
  - Quick
  - SWXMLHash (~> 3.0.0)

SPEC CHECKSUMS:
  FileProvider: a23d7d23013f42f4ceb5c1cf61dec39ade9e8f58
  Nimble: 415e3aa3267e7bc2c96b05fa814ddea7bb686a29
  Quick: 8024e4a47e6cc03a9d5245ef0948264fc6d27cff
  SWXMLHash: 80d2529d74891bb2f15305a0b9e08f2a4f229ee7

PODFILE CHECKSUM: d0b63204f7a8c592fc5c39f70f7e0cc42b6f1444

COCOAPODS: 1.1.1
