// !$*UTF8*$!
{
	archiveVersion = 1;
	classes = {
	};
	objectVersion = 46;
	objects = {

/* Begin PBXBuildFile section */
		27423D528590228BA73C9F82 /* UITableViewCell+ReusableViewSpec.swift in Sources */ = {isa = PBXBuildFile; fileRef = 27423610089CC8CE856A0194 /* UITableViewCell+ReusableViewSpec.swift */; };
		612F5BD334B89215D23EA4FB /* Pods_SubtitlesDownloader.framework in Frameworks */ = {isa = PBXBuildFile; fileRef = 857E85A3A1DE53567CFBBD01 /* Pods_SubtitlesDownloader.framework */; };
		915360B71E37D7E900E6F857 /* FileTableViewCell.swift in Sources */ = {isa = PBXBuildFile; fileRef = 915360B61E37D7E900E6F857 /* FileTableViewCell.swift */; };
		915360BB1E37D9FE00E6F857 /* UITableView+Registering.swift in Sources */ = {isa = PBXBuildFile; fileRef = 915360BA1E37D9FE00E6F857 /* UITableView+Registering.swift */; };
		915360BD1E37DA1000E6F857 /* ReusableView.swift in Sources */ = {isa = PBXBuildFile; fileRef = 915360BC1E37DA1000E6F857 /* ReusableView.swift */; };
		915360BF1E37DA6500E6F857 /* UITableViewCell+ReusableView.swift in Sources */ = {isa = PBXBuildFile; fileRef = 915360BE1E37DA6500E6F857 /* UITableViewCell+ReusableView.swift */; };
		915360C11E37DD1600E6F857 /* UseCaseFactory.swift in Sources */ = {isa = PBXBuildFile; fileRef = 915360C01E37DD1600E6F857 /* UseCaseFactory.swift */; };
		915360E31E396C7700E6F857 /* WebDavFileGateway.swift in Sources */ = {isa = PBXBuildFile; fileRef = 915360E21E396C7700E6F857 /* WebDavFileGateway.swift */; };
		91816DDB1E3A792B002ED2C5 /* FilesListPresenterSpec.swift in Sources */ = {isa = PBXBuildFile; fileRef = 91816DDA1E3A792B002ED2C5 /* FilesListPresenterSpec.swift */; };
		91816DDD1E3A9717002ED2C5 /* UITableView+RegisteringSpec.swift in Sources */ = {isa = PBXBuildFile; fileRef = 91816DDC1E3A9717002ED2C5 /* UITableView+RegisteringSpec.swift */; };
		91816DDF1E3A9D66002ED2C5 /* FilesListConnectorSpec.swift in Sources */ = {isa = PBXBuildFile; fileRef = 91816DDE1E3A9D66002ED2C5 /* FilesListConnectorSpec.swift */; };
		91816DE11E3A9DC8002ED2C5 /* DummyFileGateway.swift in Sources */ = {isa = PBXBuildFile; fileRef = 91816DE01E3A9DC8002ED2C5 /* DummyFileGateway.swift */; };
		91816DE31E3AA467002ED2C5 /* HashCalculator.swift in Sources */ = {isa = PBXBuildFile; fileRef = 91816DE21E3AA467002ED2C5 /* HashCalculator.swift */; };
		91816DE61E3AA7FB002ED2C5 /* AsyncOperation.swift in Sources */ = {isa = PBXBuildFile; fileRef = 91816DE51E3AA7FB002ED2C5 /* AsyncOperation.swift */; };
		91816DE81E3AAA54002ED2C5 /* GetBytesOperation.swift in Sources */ = {isa = PBXBuildFile; fileRef = 91816DE71E3AAA54002ED2C5 /* GetBytesOperation.swift */; };
		91816DEA1E3AB620002ED2C5 /* HashCalculatorSpec.swift in Sources */ = {isa = PBXBuildFile; fileRef = 91816DE91E3AB620002ED2C5 /* HashCalculatorSpec.swift */; };
		91816DEF1E3AB6BC002ED2C5 /* breakdance.avi in Resources */ = {isa = PBXBuildFile; fileRef = 91816DED1E3AB6BC002ED2C5 /* breakdance.avi */; };
		91816DF01E3AB6BC002ED2C5 /* dummy.rar in Resources */ = {isa = PBXBuildFile; fileRef = 91816DEE1E3AB6BC002ED2C5 /* dummy.rar */; };
		91C873DB1E35487D004A3EB6 /* AppDelegate.swift in Sources */ = {isa = PBXBuildFile; fileRef = 91C873DA1E35487D004A3EB6 /* AppDelegate.swift */; };
		91C873E21E35487D004A3EB6 /* Assets.xcassets in Resources */ = {isa = PBXBuildFile; fileRef = 91C873E11E35487D004A3EB6 /* Assets.xcassets */; };
		91C873E51E35487D004A3EB6 /* LaunchScreen.storyboard in Resources */ = {isa = PBXBuildFile; fileRef = 91C873E31E35487D004A3EB6 /* LaunchScreen.storyboard */; };
		91C874041E369BBE004A3EB6 /* FileGateway.swift in Sources */ = {isa = PBXBuildFile; fileRef = 91C874031E369BBE004A3EB6 /* FileGateway.swift */; };
		91C874061E369C5E004A3EB6 /* OperationHandle.swift in Sources */ = {isa = PBXBuildFile; fileRef = 91C874051E369C5E004A3EB6 /* OperationHandle.swift */; };
		91C874081E369CA0004A3EB6 /* File.swift in Sources */ = {isa = PBXBuildFile; fileRef = 91C874071E369CA0004A3EB6 /* File.swift */; };
		91C8740A1E369CC2004A3EB6 /* Result.swift in Sources */ = {isa = PBXBuildFile; fileRef = 91C874091E369CC2004A3EB6 /* Result.swift */; };
		91C874131E369FB2004A3EB6 /* FilesListViewController.swift in Sources */ = {isa = PBXBuildFile; fileRef = 91C874121E369FB2004A3EB6 /* FilesListViewController.swift */; };
		91C874161E36A018004A3EB6 /* FilesListPresenter.swift in Sources */ = {isa = PBXBuildFile; fileRef = 91C874151E36A018004A3EB6 /* FilesListPresenter.swift */; };
		91C874181E36A05B004A3EB6 /* FilesListConnector.swift in Sources */ = {isa = PBXBuildFile; fileRef = 91C874171E36A05B004A3EB6 /* FilesListConnector.swift */; };
		91C8741A1E36A530004A3EB6 /* FileCellProtocol.swift in Sources */ = {isa = PBXBuildFile; fileRef = 91C874191E36A530004A3EB6 /* FileCellProtocol.swift */; };
		91C8741D1E36A9CE004A3EB6 /* InMemoryFileGateway.swift in Sources */ = {isa = PBXBuildFile; fileRef = 91C8741C1E36A9CE004A3EB6 /* InMemoryFileGateway.swift */; };
		91E17C271E37D3C0006433B7 /* UseCase.swift in Sources */ = {isa = PBXBuildFile; fileRef = 91E17C261E37D3C0006433B7 /* UseCase.swift */; };
		91E17C291E37D4C6006433B7 /* ShowFilesListUseCase.swift in Sources */ = {isa = PBXBuildFile; fileRef = 91E17C281E37D4C6006433B7 /* ShowFilesListUseCase.swift */; };
		E9FD80BD8FF232175E9041A1 /* Pods_SubtitlesDownloaderTests.framework in Frameworks */ = {isa = PBXBuildFile; fileRef = C490620EAB5445792BDDD382 /* Pods_SubtitlesDownloaderTests.framework */; };
/* End PBXBuildFile section */

/* Begin PBXContainerItemProxy section */
		91816DCF1E3A752C002ED2C5 /* PBXContainerItemProxy */ = {
			isa = PBXContainerItemProxy;
			containerPortal = 91C873CF1E35487D004A3EB6 /* Project object */;
			proxyType = 1;
			remoteGlobalIDString = 91C873D61E35487D004A3EB6;
			remoteInfo = SubtitlesDownloader;
		};
/* End PBXContainerItemProxy section */

/* Begin PBXFileReference section */
		27423610089CC8CE856A0194 /* UITableViewCell+ReusableViewSpec.swift */ = {isa = PBXFileReference; fileEncoding = 4; lastKnownFileType = sourcecode.swift; path = "UITableViewCell+ReusableViewSpec.swift"; sourceTree = "<group>"; };
		36EAC61DEDEF5BC95C45EBCF /* Pods-SubtitlesDownloader.debug.xcconfig */ = {isa = PBXFileReference; includeInIndex = 1; lastKnownFileType = text.xcconfig; name = "Pods-SubtitlesDownloader.debug.xcconfig"; path = "Pods/Target Support Files/Pods-SubtitlesDownloader/Pods-SubtitlesDownloader.debug.xcconfig"; sourceTree = "<group>"; };
		41CBDFB7654572F73E149D2D /* Pods-SubtitlesDownloaderTests.debug.xcconfig */ = {isa = PBXFileReference; includeInIndex = 1; lastKnownFileType = text.xcconfig; name = "Pods-SubtitlesDownloaderTests.debug.xcconfig"; path = "Pods/Target Support Files/Pods-SubtitlesDownloaderTests/Pods-SubtitlesDownloaderTests.debug.xcconfig"; sourceTree = "<group>"; };
		6C7D0A64A0EC72B65964E365 /* Pods-SubtitlesDownloaderTests.release.xcconfig */ = {isa = PBXFileReference; includeInIndex = 1; lastKnownFileType = text.xcconfig; name = "Pods-SubtitlesDownloaderTests.release.xcconfig"; path = "Pods/Target Support Files/Pods-SubtitlesDownloaderTests/Pods-SubtitlesDownloaderTests.release.xcconfig"; sourceTree = "<group>"; };
		857E85A3A1DE53567CFBBD01 /* Pods_SubtitlesDownloader.framework */ = {isa = PBXFileReference; explicitFileType = wrapper.framework; includeInIndex = 0; path = Pods_SubtitlesDownloader.framework; sourceTree = BUILT_PRODUCTS_DIR; };
		915360B61E37D7E900E6F857 /* FileTableViewCell.swift */ = {isa = PBXFileReference; fileEncoding = 4; lastKnownFileType = sourcecode.swift; path = FileTableViewCell.swift; sourceTree = "<group>"; };
		915360BA1E37D9FE00E6F857 /* UITableView+Registering.swift */ = {isa = PBXFileReference; fileEncoding = 4; lastKnownFileType = sourcecode.swift; path = "UITableView+Registering.swift"; sourceTree = "<group>"; };
		915360BC1E37DA1000E6F857 /* ReusableView.swift */ = {isa = PBXFileReference; fileEncoding = 4; lastKnownFileType = sourcecode.swift; path = ReusableView.swift; sourceTree = "<group>"; };
		915360BE1E37DA6500E6F857 /* UITableViewCell+ReusableView.swift */ = {isa = PBXFileReference; fileEncoding = 4; lastKnownFileType = sourcecode.swift; path = "UITableViewCell+ReusableView.swift"; sourceTree = "<group>"; };
		915360C01E37DD1600E6F857 /* UseCaseFactory.swift */ = {isa = PBXFileReference; fileEncoding = 4; lastKnownFileType = sourcecode.swift; path = UseCaseFactory.swift; sourceTree = "<group>"; };
		915360E21E396C7700E6F857 /* WebDavFileGateway.swift */ = {isa = PBXFileReference; fileEncoding = 4; lastKnownFileType = sourcecode.swift; path = WebDavFileGateway.swift; sourceTree = "<group>"; };
		91816DCA1E3A752C002ED2C5 /* SubtitlesDownloaderTests.xctest */ = {isa = PBXFileReference; explicitFileType = wrapper.cfbundle; includeInIndex = 0; path = SubtitlesDownloaderTests.xctest; sourceTree = BUILT_PRODUCTS_DIR; };
		91816DCE1E3A752C002ED2C5 /* Info.plist */ = {isa = PBXFileReference; lastKnownFileType = text.plist.xml; path = Info.plist; sourceTree = "<group>"; };
		91816DDA1E3A792B002ED2C5 /* FilesListPresenterSpec.swift */ = {isa = PBXFileReference; fileEncoding = 4; lastKnownFileType = sourcecode.swift; path = FilesListPresenterSpec.swift; sourceTree = "<group>"; };
		91816DDC1E3A9717002ED2C5 /* UITableView+RegisteringSpec.swift */ = {isa = PBXFileReference; fileEncoding = 4; lastKnownFileType = sourcecode.swift; path = "UITableView+RegisteringSpec.swift"; sourceTree = "<group>"; };
		91816DDE1E3A9D66002ED2C5 /* FilesListConnectorSpec.swift */ = {isa = PBXFileReference; fileEncoding = 4; lastKnownFileType = sourcecode.swift; path = FilesListConnectorSpec.swift; sourceTree = "<group>"; };
		91816DE01E3A9DC8002ED2C5 /* DummyFileGateway.swift */ = {isa = PBXFileReference; fileEncoding = 4; lastKnownFileType = sourcecode.swift; path = DummyFileGateway.swift; sourceTree = "<group>"; };
		91816DE21E3AA467002ED2C5 /* HashCalculator.swift */ = {isa = PBXFileReference; fileEncoding = 4; lastKnownFileType = sourcecode.swift; path = HashCalculator.swift; sourceTree = "<group>"; };
		91816DE51E3AA7FB002ED2C5 /* AsyncOperation.swift */ = {isa = PBXFileReference; fileEncoding = 4; lastKnownFileType = sourcecode.swift; path = AsyncOperation.swift; sourceTree = "<group>"; };
		91816DE71E3AAA54002ED2C5 /* GetBytesOperation.swift */ = {isa = PBXFileReference; fileEncoding = 4; lastKnownFileType = sourcecode.swift; path = GetBytesOperation.swift; sourceTree = "<group>"; };
		91816DE91E3AB620002ED2C5 /* HashCalculatorSpec.swift */ = {isa = PBXFileReference; fileEncoding = 4; lastKnownFileType = sourcecode.swift; path = HashCalculatorSpec.swift; sourceTree = "<group>"; };
		91816DED1E3AB6BC002ED2C5 /* breakdance.avi */ = {isa = PBXFileReference; lastKnownFileType = video.avi; path = breakdance.avi; sourceTree = "<group>"; };
		91816DEE1E3AB6BC002ED2C5 /* dummy.rar */ = {isa = PBXFileReference; lastKnownFileType = file; path = dummy.rar; sourceTree = "<group>"; };
		91C873D71E35487D004A3EB6 /* SubtitlesDownloader.app */ = {isa = PBXFileReference; explicitFileType = wrapper.application; includeInIndex = 0; path = SubtitlesDownloader.app; sourceTree = BUILT_PRODUCTS_DIR; };
		91C873DA1E35487D004A3EB6 /* AppDelegate.swift */ = {isa = PBXFileReference; lastKnownFileType = sourcecode.swift; path = AppDelegate.swift; sourceTree = "<group>"; };
		91C873E11E35487D004A3EB6 /* Assets.xcassets */ = {isa = PBXFileReference; lastKnownFileType = folder.assetcatalog; path = Assets.xcassets; sourceTree = "<group>"; };
		91C873E41E35487D004A3EB6 /* Base */ = {isa = PBXFileReference; lastKnownFileType = file.storyboard; name = Base; path = Base.lproj/LaunchScreen.storyboard; sourceTree = "<group>"; };
		91C873E61E35487D004A3EB6 /* Info.plist */ = {isa = PBXFileReference; lastKnownFileType = text.plist.xml; path = Info.plist; sourceTree = "<group>"; };
		91C874031E369BBE004A3EB6 /* FileGateway.swift */ = {isa = PBXFileReference; fileEncoding = 4; lastKnownFileType = sourcecode.swift; path = FileGateway.swift; sourceTree = "<group>"; };
		91C874051E369C5E004A3EB6 /* OperationHandle.swift */ = {isa = PBXFileReference; fileEncoding = 4; lastKnownFileType = sourcecode.swift; path = OperationHandle.swift; sourceTree = "<group>"; };
		91C874071E369CA0004A3EB6 /* File.swift */ = {isa = PBXFileReference; fileEncoding = 4; lastKnownFileType = sourcecode.swift; path = File.swift; sourceTree = "<group>"; };
		91C874091E369CC2004A3EB6 /* Result.swift */ = {isa = PBXFileReference; fileEncoding = 4; lastKnownFileType = sourcecode.swift; path = Result.swift; sourceTree = "<group>"; };
		91C874121E369FB2004A3EB6 /* FilesListViewController.swift */ = {isa = PBXFileReference; fileEncoding = 4; lastKnownFileType = sourcecode.swift; path = FilesListViewController.swift; sourceTree = "<group>"; };
		91C874151E36A018004A3EB6 /* FilesListPresenter.swift */ = {isa = PBXFileReference; fileEncoding = 4; lastKnownFileType = sourcecode.swift; path = FilesListPresenter.swift; sourceTree = "<group>"; };
		91C874171E36A05B004A3EB6 /* FilesListConnector.swift */ = {isa = PBXFileReference; fileEncoding = 4; lastKnownFileType = sourcecode.swift; path = FilesListConnector.swift; sourceTree = "<group>"; };
		91C874191E36A530004A3EB6 /* FileCellProtocol.swift */ = {isa = PBXFileReference; fileEncoding = 4; lastKnownFileType = sourcecode.swift; path = FileCellProtocol.swift; sourceTree = "<group>"; };
		91C8741C1E36A9CE004A3EB6 /* InMemoryFileGateway.swift */ = {isa = PBXFileReference; fileEncoding = 4; lastKnownFileType = sourcecode.swift; path = InMemoryFileGateway.swift; sourceTree = "<group>"; };
		91E17C261E37D3C0006433B7 /* UseCase.swift */ = {isa = PBXFileReference; fileEncoding = 4; lastKnownFileType = sourcecode.swift; path = UseCase.swift; sourceTree = "<group>"; };
		91E17C281E37D4C6006433B7 /* ShowFilesListUseCase.swift */ = {isa = PBXFileReference; fileEncoding = 4; lastKnownFileType = sourcecode.swift; path = ShowFilesListUseCase.swift; sourceTree = "<group>"; };
		C490620EAB5445792BDDD382 /* Pods_SubtitlesDownloaderTests.framework */ = {isa = PBXFileReference; explicitFileType = wrapper.framework; includeInIndex = 0; path = Pods_SubtitlesDownloaderTests.framework; sourceTree = BUILT_PRODUCTS_DIR; };
		D909013EA1ADF36BB5FBDEE9 /* Pods-SubtitlesDownloader.release.xcconfig */ = {isa = PBXFileReference; includeInIndex = 1; lastKnownFileType = text.xcconfig; name = "Pods-SubtitlesDownloader.release.xcconfig"; path = "Pods/Target Support Files/Pods-SubtitlesDownloader/Pods-SubtitlesDownloader.release.xcconfig"; sourceTree = "<group>"; };
/* End PBXFileReference section */

/* Begin PBXFrameworksBuildPhase section */
		91816DC71E3A752C002ED2C5 /* Frameworks */ = {
			isa = PBXFrameworksBuildPhase;
			buildActionMask = 2147483647;
			files = (
				E9FD80BD8FF232175E9041A1 /* Pods_SubtitlesDownloaderTests.framework in Frameworks */,
			);
			runOnlyForDeploymentPostprocessing = 0;
		};
		91C873D41E35487D004A3EB6 /* Frameworks */ = {
			isa = PBXFrameworksBuildPhase;
			buildActionMask = 2147483647;
			files = (
				612F5BD334B89215D23EA4FB /* Pods_SubtitlesDownloader.framework in Frameworks */,
			);
			runOnlyForDeploymentPostprocessing = 0;
		};
/* End PBXFrameworksBuildPhase section */

/* Begin PBXGroup section */
		1BFAA80EF2E55977378C9A47 /* Frameworks */ = {
			isa = PBXGroup;
			children = (
				857E85A3A1DE53567CFBBD01 /* Pods_SubtitlesDownloader.framework */,
				C490620EAB5445792BDDD382 /* Pods_SubtitlesDownloaderTests.framework */,
			);
			name = Frameworks;
			sourceTree = "<group>";
		};
		274235236284BDB8D36EF16A /* Aux */ = {
			isa = PBXGroup;
			children = (
				27423610089CC8CE856A0194 /* UITableViewCell+ReusableViewSpec.swift */,
				91816DDC1E3A9717002ED2C5 /* UITableView+RegisteringSpec.swift */,
			);
			path = Aux;
			sourceTree = "<group>";
		};
		274236CABCE070FF8FDE4058 /* Views */ = {
			isa = PBXGroup;
			children = (
			);
			path = Views;
			sourceTree = "<group>";
		};
		274239CAE4F6C2F98481B242 /* UI */ = {
			isa = PBXGroup;
			children = (
				274236CABCE070FF8FDE4058 /* Views */,
				27423BFFC941B016F896BA32 /* Connectors */,
				274235236284BDB8D36EF16A /* Aux */,
			);
			path = UI;
			sourceTree = "<group>";
		};
		27423BFFC941B016F896BA32 /* Connectors */ = {
			isa = PBXGroup;
			children = (
				91816DDE1E3A9D66002ED2C5 /* FilesListConnectorSpec.swift */,
			);
			path = Connectors;
			sourceTree = "<group>";
		};
		27423C297C68564E13DFF1BA /* Domain */ = {
			isa = PBXGroup;
			children = (
			);
			path = Domain;
			sourceTree = "<group>";
		};
		915360B91E37D9B200E6F857 /* Aux */ = {
			isa = PBXGroup;
			children = (
				915360BC1E37DA1000E6F857 /* ReusableView.swift */,
				915360BA1E37D9FE00E6F857 /* UITableView+Registering.swift */,
				915360BE1E37DA6500E6F857 /* UITableViewCell+ReusableView.swift */,
			);
			path = Aux;
			sourceTree = "<group>";
		};
		91816DCB1E3A752C002ED2C5 /* SubtitlesDownloaderTests */ = {
			isa = PBXGroup;
			children = (
				91816DEB1E3AB69B002ED2C5 /* SupportFiles */,
				91816DD81E3A78BC002ED2C5 /* Presentation */,
				91816DCE1E3A752C002ED2C5 /* Info.plist */,
				274239CAE4F6C2F98481B242 /* UI */,
				27423C297C68564E13DFF1BA /* Domain */,
				91816DE01E3A9DC8002ED2C5 /* DummyFileGateway.swift */,
				91816DE91E3AB620002ED2C5 /* HashCalculatorSpec.swift */,
			);
			path = SubtitlesDownloaderTests;
			sourceTree = "<group>";
		};
		91816DD81E3A78BC002ED2C5 /* Presentation */ = {
			isa = PBXGroup;
			children = (
				91816DD91E3A790B002ED2C5 /* Presenters */,
			);
			path = Presentation;
			sourceTree = "<group>";
		};
		91816DD91E3A790B002ED2C5 /* Presenters */ = {
			isa = PBXGroup;
			children = (
				91816DDA1E3A792B002ED2C5 /* FilesListPresenterSpec.swift */,
			);
			path = Presenters;
			sourceTree = "<group>";
		};
		91816DE41E3AA7F2002ED2C5 /* Aux */ = {
			isa = PBXGroup;
			children = (
				91816DE51E3AA7FB002ED2C5 /* AsyncOperation.swift */,
			);
			name = Aux;
			sourceTree = "<group>";
		};
		91816DEB1E3AB69B002ED2C5 /* SupportFiles */ = {
			isa = PBXGroup;
			children = (
				91816DEC1E3AB6A2002ED2C5 /* HashingTestFiles */,
			);
			name = SupportFiles;
			sourceTree = "<group>";
		};
		91816DEC1E3AB6A2002ED2C5 /* HashingTestFiles */ = {
			isa = PBXGroup;
			children = (
				91816DED1E3AB6BC002ED2C5 /* breakdance.avi */,
				91816DEE1E3AB6BC002ED2C5 /* dummy.rar */,
			);
			name = HashingTestFiles;
			sourceTree = "<group>";
		};
		91C873CE1E35487D004A3EB6 = {
			isa = PBXGroup;
			children = (
				1BFAA80EF2E55977378C9A47 /* Frameworks */,
				F2B0E3E4B813437E545E97D2 /* Pods */,
				91C873D81E35487D004A3EB6 /* Products */,
				91C873D91E35487D004A3EB6 /* SubtitlesDownloader */,
				91816DCB1E3A752C002ED2C5 /* SubtitlesDownloaderTests */,
			);
			sourceTree = "<group>";
		};
		91C873D81E35487D004A3EB6 /* Products */ = {
			isa = PBXGroup;
			children = (
				91C873D71E35487D004A3EB6 /* SubtitlesDownloader.app */,
				91816DCA1E3A752C002ED2C5 /* SubtitlesDownloaderTests.xctest */,
			);
			name = Products;
			sourceTree = "<group>";
		};
		91C873D91E35487D004A3EB6 /* SubtitlesDownloader */ = {
			isa = PBXGroup;
			children = (
				91C8741B1E36A9BF004A3EB6 /* Data */,
				91C874011E369B5E004A3EB6 /* Domain */,
				91C8740C1E369D33004A3EB6 /* Presentation */,
				91C8740F1E369DB8004A3EB6 /* SupportFiles */,
				91C8740D1E369D4A004A3EB6 /* UI */,
			);
			path = SubtitlesDownloader;
			sourceTree = "<group>";
		};
		91C874011E369B5E004A3EB6 /* Domain */ = {
			isa = PBXGroup;
			children = (
				91C874021E369B6D004A3EB6 /* Entities */,
				91C8740B1E369D12004A3EB6 /* UseCases */,
				91C874031E369BBE004A3EB6 /* FileGateway.swift */,
				91C874051E369C5E004A3EB6 /* OperationHandle.swift */,
				91C874091E369CC2004A3EB6 /* Result.swift */,
				91E17C261E37D3C0006433B7 /* UseCase.swift */,
				915360C01E37DD1600E6F857 /* UseCaseFactory.swift */,
			);
			path = Domain;
			sourceTree = "<group>";
		};
		91C874021E369B6D004A3EB6 /* Entities */ = {
			isa = PBXGroup;
			children = (
				91C874071E369CA0004A3EB6 /* File.swift */,
			);
			path = Entities;
			sourceTree = "<group>";
		};
		91C8740B1E369D12004A3EB6 /* UseCases */ = {
			isa = PBXGroup;
			children = (
				91E17C281E37D4C6006433B7 /* ShowFilesListUseCase.swift */,
			);
			path = UseCases;
			sourceTree = "<group>";
		};
		91C8740C1E369D33004A3EB6 /* Presentation */ = {
			isa = PBXGroup;
			children = (
				91C874141E369FEC004A3EB6 /* Presenters */,
				91C8741E1E36AFF8004A3EB6 /* Protocols */,
			);
			path = Presentation;
			sourceTree = "<group>";
		};
		91C8740D1E369D4A004A3EB6 /* UI */ = {
			isa = PBXGroup;
			children = (
				915360B91E37D9B200E6F857 /* Aux */,
				91C874101E369DD1004A3EB6 /* Connectors */,
				91C874111E369DDF004A3EB6 /* Views */,
				91C873DA1E35487D004A3EB6 /* AppDelegate.swift */,
			);
			path = UI;
			sourceTree = "<group>";
		};
		91C8740F1E369DB8004A3EB6 /* SupportFiles */ = {
			isa = PBXGroup;
			children = (
				91C873E11E35487D004A3EB6 /* Assets.xcassets */,
				91C873E61E35487D004A3EB6 /* Info.plist */,
			);
			path = SupportFiles;
			sourceTree = "<group>";
		};
		91C874101E369DD1004A3EB6 /* Connectors */ = {
			isa = PBXGroup;
			children = (
				91C874171E36A05B004A3EB6 /* FilesListConnector.swift */,
			);
			path = Connectors;
			sourceTree = "<group>";
		};
		91C874111E369DDF004A3EB6 /* Views */ = {
			isa = PBXGroup;
			children = (
				915360B61E37D7E900E6F857 /* FileTableViewCell.swift */,
				91C874121E369FB2004A3EB6 /* FilesListViewController.swift */,
				91C873E31E35487D004A3EB6 /* LaunchScreen.storyboard */,
			);
			path = Views;
			sourceTree = "<group>";
		};
		91C874141E369FEC004A3EB6 /* Presenters */ = {
			isa = PBXGroup;
			children = (
				91C874151E36A018004A3EB6 /* FilesListPresenter.swift */,
			);
			path = Presenters;
			sourceTree = "<group>";
		};
		91C8741B1E36A9BF004A3EB6 /* Data */ = {
			isa = PBXGroup;
			children = (
				91816DE41E3AA7F2002ED2C5 /* Aux */,
				91C8741C1E36A9CE004A3EB6 /* InMemoryFileGateway.swift */,
				915360E21E396C7700E6F857 /* WebDavFileGateway.swift */,
				91816DE21E3AA467002ED2C5 /* HashCalculator.swift */,
				91816DE71E3AAA54002ED2C5 /* GetBytesOperation.swift */,
			);
			path = Data;
			sourceTree = "<group>";
		};
		91C8741E1E36AFF8004A3EB6 /* Protocols */ = {
			isa = PBXGroup;
			children = (
				91C874191E36A530004A3EB6 /* FileCellProtocol.swift */,
			);
			path = Protocols;
			sourceTree = "<group>";
		};
		F2B0E3E4B813437E545E97D2 /* Pods */ = {
			isa = PBXGroup;
			children = (
				36EAC61DEDEF5BC95C45EBCF /* Pods-SubtitlesDownloader.debug.xcconfig */,
				D909013EA1ADF36BB5FBDEE9 /* Pods-SubtitlesDownloader.release.xcconfig */,
				41CBDFB7654572F73E149D2D /* Pods-SubtitlesDownloaderTests.debug.xcconfig */,
				6C7D0A64A0EC72B65964E365 /* Pods-SubtitlesDownloaderTests.release.xcconfig */,
			);
			name = Pods;
			sourceTree = "<group>";
		};
/* End PBXGroup section */

/* Begin PBXNativeTarget section */
		91816DC91E3A752C002ED2C5 /* SubtitlesDownloaderTests */ = {
			isa = PBXNativeTarget;
			buildConfigurationList = 91816DD31E3A752C002ED2C5 /* Build configuration list for PBXNativeTarget "SubtitlesDownloaderTests" */;
			buildPhases = (
				D1AF13715EE098C4BA5A1BF4 /* [CP] Check Pods Manifest.lock */,
				91816DC61E3A752C002ED2C5 /* Sources */,
				91816DC71E3A752C002ED2C5 /* Frameworks */,
				91816DC81E3A752C002ED2C5 /* Resources */,
				4141B64697FDB1F3CDC9A129 /* [CP] Embed Pods Frameworks */,
				CFF5E4958ED408E42F69F3DB /* [CP] Copy Pods Resources */,
			);
			buildRules = (
			);
			dependencies = (
				91816DD01E3A752C002ED2C5 /* PBXTargetDependency */,
			);
			name = SubtitlesDownloaderTests;
			productName = SubtitlesDownloaderTests;
			productReference = 91816DCA1E3A752C002ED2C5 /* SubtitlesDownloaderTests.xctest */;
			productType = "com.apple.product-type.bundle.unit-test";
		};
		91C873D61E35487D004A3EB6 /* SubtitlesDownloader */ = {
			isa = PBXNativeTarget;
			buildConfigurationList = 91C873E91E35487D004A3EB6 /* Build configuration list for PBXNativeTarget "SubtitlesDownloader" */;
			buildPhases = (
				59C0B73E615389A334A0316A /* [CP] Check Pods Manifest.lock */,
				91C873D31E35487D004A3EB6 /* Sources */,
				91C873D41E35487D004A3EB6 /* Frameworks */,
				91C873D51E35487D004A3EB6 /* Resources */,
				6B2597ACC6FA12B222BA5F85 /* [CP] Embed Pods Frameworks */,
				2E008B29D4A086742BA55445 /* [CP] Copy Pods Resources */,
			);
			buildRules = (
			);
			dependencies = (
			);
			name = SubtitlesDownloader;
			productName = SubtitlesDownloader;
			productReference = 91C873D71E35487D004A3EB6 /* SubtitlesDownloader.app */;
			productType = "com.apple.product-type.application";
		};
/* End PBXNativeTarget section */

/* Begin PBXProject section */
		91C873CF1E35487D004A3EB6 /* Project object */ = {
			isa = PBXProject;
			attributes = {
				LastSwiftUpdateCheck = 0820;
				LastUpgradeCheck = 0820;
				ORGANIZATIONNAME = "Sebastian Osiński";
				TargetAttributes = {
					91816DC91E3A752C002ED2C5 = {
						CreatedOnToolsVersion = 8.2.1;
						DevelopmentTeam = GJF586P7E7;
						ProvisioningStyle = Automatic;
						TestTargetID = 91C873D61E35487D004A3EB6;
					};
					91C873D61E35487D004A3EB6 = {
						CreatedOnToolsVersion = 8.2.1;
						DevelopmentTeam = GJF586P7E7;
						ProvisioningStyle = Automatic;
					};
				};
			};
			buildConfigurationList = 91C873D21E35487D004A3EB6 /* Build configuration list for PBXProject "SubtitlesDownloader" */;
			compatibilityVersion = "Xcode 3.2";
			developmentRegion = English;
			hasScannedForEncodings = 0;
			knownRegions = (
				en,
				Base,
			);
			mainGroup = 91C873CE1E35487D004A3EB6;
			productRefGroup = 91C873D81E35487D004A3EB6 /* Products */;
			projectDirPath = "";
			projectRoot = "";
			targets = (
				91C873D61E35487D004A3EB6 /* SubtitlesDownloader */,
				91816DC91E3A752C002ED2C5 /* SubtitlesDownloaderTests */,
			);
		};
/* End PBXProject section */

/* Begin PBXResourcesBuildPhase section */
		91816DC81E3A752C002ED2C5 /* Resources */ = {
			isa = PBXResourcesBuildPhase;
			buildActionMask = 2147483647;
			files = (
				91816DF01E3AB6BC002ED2C5 /* dummy.rar in Resources */,
				91816DEF1E3AB6BC002ED2C5 /* breakdance.avi in Resources */,
			);
			runOnlyForDeploymentPostprocessing = 0;
		};
		91C873D51E35487D004A3EB6 /* Resources */ = {
			isa = PBXResourcesBuildPhase;
			buildActionMask = 2147483647;
			files = (
				91C873E51E35487D004A3EB6 /* LaunchScreen.storyboard in Resources */,
				91C873E21E35487D004A3EB6 /* Assets.xcassets in Resources */,
			);
			runOnlyForDeploymentPostprocessing = 0;
		};
/* End PBXResourcesBuildPhase section */

/* Begin PBXShellScriptBuildPhase section */
		2E008B29D4A086742BA55445 /* [CP] Copy Pods Resources */ = {
			isa = PBXShellScriptBuildPhase;
			buildActionMask = 2147483647;
			files = (
			);
			inputPaths = (
			);
			name = "[CP] Copy Pods Resources";
			outputPaths = (
			);
			runOnlyForDeploymentPostprocessing = 0;
			shellPath = /bin/sh;
			shellScript = "\"${SRCROOT}/Pods/Target Support Files/Pods-SubtitlesDownloader/Pods-SubtitlesDownloader-resources.sh\"\n";
			showEnvVarsInLog = 0;
		};
		4141B64697FDB1F3CDC9A129 /* [CP] Embed Pods Frameworks */ = {
			isa = PBXShellScriptBuildPhase;
			buildActionMask = 2147483647;
			files = (
			);
			inputPaths = (
			);
			name = "[CP] Embed Pods Frameworks";
			outputPaths = (
			);
			runOnlyForDeploymentPostprocessing = 0;
			shellPath = /bin/sh;
			shellScript = "\"${SRCROOT}/Pods/Target Support Files/Pods-SubtitlesDownloaderTests/Pods-SubtitlesDownloaderTests-frameworks.sh\"\n";
			showEnvVarsInLog = 0;
		};
		59C0B73E615389A334A0316A /* [CP] Check Pods Manifest.lock */ = {
			isa = PBXShellScriptBuildPhase;
			buildActionMask = 2147483647;
			files = (
			);
			inputPaths = (
			);
			name = "[CP] Check Pods Manifest.lock";
			outputPaths = (
			);
			runOnlyForDeploymentPostprocessing = 0;
			shellPath = /bin/sh;
			shellScript = "diff \"${PODS_ROOT}/../Podfile.lock\" \"${PODS_ROOT}/Manifest.lock\" > /dev/null\nif [ $? != 0 ] ; then\n    # print error to STDERR\n    echo \"error: The sandbox is not in sync with the Podfile.lock. Run 'pod install' or update your CocoaPods installation.\" >&2\n    exit 1\nfi\n";
			showEnvVarsInLog = 0;
		};
		6B2597ACC6FA12B222BA5F85 /* [CP] Embed Pods Frameworks */ = {
			isa = PBXShellScriptBuildPhase;
			buildActionMask = 2147483647;
			files = (
			);
			inputPaths = (
			);
			name = "[CP] Embed Pods Frameworks";
			outputPaths = (
			);
			runOnlyForDeploymentPostprocessing = 0;
			shellPath = /bin/sh;
			shellScript = "\"${SRCROOT}/Pods/Target Support Files/Pods-SubtitlesDownloader/Pods-SubtitlesDownloader-frameworks.sh\"\n";
			showEnvVarsInLog = 0;
		};
		CFF5E4958ED408E42F69F3DB /* [CP] Copy Pods Resources */ = {
			isa = PBXShellScriptBuildPhase;
			buildActionMask = 2147483647;
			files = (
			);
			inputPaths = (
			);
			name = "[CP] Copy Pods Resources";
			outputPaths = (
			);
			runOnlyForDeploymentPostprocessing = 0;
			shellPath = /bin/sh;
			shellScript = "\"${SRCROOT}/Pods/Target Support Files/Pods-SubtitlesDownloaderTests/Pods-SubtitlesDownloaderTests-resources.sh\"\n";
			showEnvVarsInLog = 0;
		};
		D1AF13715EE098C4BA5A1BF4 /* [CP] Check Pods Manifest.lock */ = {
			isa = PBXShellScriptBuildPhase;
			buildActionMask = 2147483647;
			files = (
			);
			inputPaths = (
			);
			name = "[CP] Check Pods Manifest.lock";
			outputPaths = (
			);
			runOnlyForDeploymentPostprocessing = 0;
			shellPath = /bin/sh;
			shellScript = "diff \"${PODS_ROOT}/../Podfile.lock\" \"${PODS_ROOT}/Manifest.lock\" > /dev/null\nif [ $? != 0 ] ; then\n    # print error to STDERR\n    echo \"error: The sandbox is not in sync with the Podfile.lock. Run 'pod install' or update your CocoaPods installation.\" >&2\n    exit 1\nfi\n";
			showEnvVarsInLog = 0;
		};
/* End PBXShellScriptBuildPhase section */

/* Begin PBXSourcesBuildPhase section */
		91816DC61E3A752C002ED2C5 /* Sources */ = {
			isa = PBXSourcesBuildPhase;
			buildActionMask = 2147483647;
			files = (
				91816DEA1E3AB620002ED2C5 /* HashCalculatorSpec.swift in Sources */,
				91816DDF1E3A9D66002ED2C5 /* FilesListConnectorSpec.swift in Sources */,
				91816DDB1E3A792B002ED2C5 /* FilesListPresenterSpec.swift in Sources */,
				27423D528590228BA73C9F82 /* UITableViewCell+ReusableViewSpec.swift in Sources */,
				91816DDD1E3A9717002ED2C5 /* UITableView+RegisteringSpec.swift in Sources */,
				91816DE11E3A9DC8002ED2C5 /* DummyFileGateway.swift in Sources */,
			);
			runOnlyForDeploymentPostprocessing = 0;
		};
		91C873D31E35487D004A3EB6 /* Sources */ = {
			isa = PBXSourcesBuildPhase;
			buildActionMask = 2147483647;
			files = (
				915360B71E37D7E900E6F857 /* FileTableViewCell.swift in Sources */,
				915360BB1E37D9FE00E6F857 /* UITableView+Registering.swift in Sources */,
				91C874161E36A018004A3EB6 /* FilesListPresenter.swift in Sources */,
				915360C11E37DD1600E6F857 /* UseCaseFactory.swift in Sources */,
				915360BF1E37DA6500E6F857 /* UITableViewCell+ReusableView.swift in Sources */,
				91E17C271E37D3C0006433B7 /* UseCase.swift in Sources */,
				91C8741A1E36A530004A3EB6 /* FileCellProtocol.swift in Sources */,
				915360E31E396C7700E6F857 /* WebDavFileGateway.swift in Sources */,
				91C8740A1E369CC2004A3EB6 /* Result.swift in Sources */,
				915360BD1E37DA1000E6F857 /* ReusableView.swift in Sources */,
				91C874181E36A05B004A3EB6 /* FilesListConnector.swift in Sources */,
				91C874061E369C5E004A3EB6 /* OperationHandle.swift in Sources */,
				91816DE81E3AAA54002ED2C5 /* GetBytesOperation.swift in Sources */,
				91E17C291E37D4C6006433B7 /* ShowFilesListUseCase.swift in Sources */,
				91C874131E369FB2004A3EB6 /* FilesListViewController.swift in Sources */,
				91C8741D1E36A9CE004A3EB6 /* InMemoryFileGateway.swift in Sources */,
				91C873DB1E35487D004A3EB6 /* AppDelegate.swift in Sources */,
				91C874081E369CA0004A3EB6 /* File.swift in Sources */,
				91C874041E369BBE004A3EB6 /* FileGateway.swift in Sources */,
				91816DE61E3AA7FB002ED2C5 /* AsyncOperation.swift in Sources */,
				91816DE31E3AA467002ED2C5 /* HashCalculator.swift in Sources */,
			);
			runOnlyForDeploymentPostprocessing = 0;
		};
/* End PBXSourcesBuildPhase section */

/* Begin PBXTargetDependency section */
		91816DD01E3A752C002ED2C5 /* PBXTargetDependency */ = {
			isa = PBXTargetDependency;
			target = 91C873D61E35487D004A3EB6 /* SubtitlesDownloader */;
			targetProxy = 91816DCF1E3A752C002ED2C5 /* PBXContainerItemProxy */;
		};
/* End PBXTargetDependency section */

/* Begin PBXVariantGroup section */
		91C873E31E35487D004A3EB6 /* LaunchScreen.storyboard */ = {
			isa = PBXVariantGroup;
			children = (
				91C873E41E35487D004A3EB6 /* Base */,
			);
			name = LaunchScreen.storyboard;
			path = .;
			sourceTree = "<group>";
		};
/* End PBXVariantGroup section */

/* Begin XCBuildConfiguration section */
		91816DD11E3A752C002ED2C5 /* Debug */ = {
			isa = XCBuildConfiguration;
			baseConfigurationReference = 41CBDFB7654572F73E149D2D /* Pods-SubtitlesDownloaderTests.debug.xcconfig */;
			buildSettings = {
				BUNDLE_LOADER = "$(TEST_HOST)";
				DEVELOPMENT_TEAM = GJF586P7E7;
				INFOPLIST_FILE = SubtitlesDownloaderTests/Info.plist;
				LD_RUNPATH_SEARCH_PATHS = "$(inherited) @executable_path/Frameworks @loader_path/Frameworks";
				PRODUCT_BUNDLE_IDENTIFIER = xyz.osinski.SubtitlesDownloaderTests;
				PRODUCT_NAME = "$(TARGET_NAME)";
				SWIFT_VERSION = 3.0;
				TEST_HOST = "$(BUILT_PRODUCTS_DIR)/SubtitlesDownloader.app/SubtitlesDownloader";
			};
			name = Debug;
		};
		91816DD21E3A752C002ED2C5 /* Release */ = {
			isa = XCBuildConfiguration;
			baseConfigurationReference = 6C7D0A64A0EC72B65964E365 /* Pods-SubtitlesDownloaderTests.release.xcconfig */;
			buildSettings = {
				BUNDLE_LOADER = "$(TEST_HOST)";
				DEVELOPMENT_TEAM = GJF586P7E7;
				INFOPLIST_FILE = SubtitlesDownloaderTests/Info.plist;
				LD_RUNPATH_SEARCH_PATHS = "$(inherited) @executable_path/Frameworks @loader_path/Frameworks";
				PRODUCT_BUNDLE_IDENTIFIER = xyz.osinski.SubtitlesDownloaderTests;
				PRODUCT_NAME = "$(TARGET_NAME)";
				SWIFT_VERSION = 3.0;
				TEST_HOST = "$(BUILT_PRODUCTS_DIR)/SubtitlesDownloader.app/SubtitlesDownloader";
			};
			name = Release;
		};
		91C873E71E35487D004A3EB6 /* Debug */ = {
			isa = XCBuildConfiguration;
			buildSettings = {
				ALWAYS_SEARCH_USER_PATHS = NO;
				CLANG_ANALYZER_NONNULL = YES;
				CLANG_CXX_LANGUAGE_STANDARD = "gnu++0x";
				CLANG_CXX_LIBRARY = "libc++";
				CLANG_ENABLE_MODULES = YES;
				CLANG_ENABLE_OBJC_ARC = YES;
				CLANG_WARN_BOOL_CONVERSION = YES;
				CLANG_WARN_CONSTANT_CONVERSION = YES;
				CLANG_WARN_DIRECT_OBJC_ISA_USAGE = YES_ERROR;
				CLANG_WARN_DOCUMENTATION_COMMENTS = YES;
				CLANG_WARN_EMPTY_BODY = YES;
				CLANG_WARN_ENUM_CONVERSION = YES;
				CLANG_WARN_INFINITE_RECURSION = YES;
				CLANG_WARN_INT_CONVERSION = YES;
				CLANG_WARN_OBJC_ROOT_CLASS = YES_ERROR;
				CLANG_WARN_SUSPICIOUS_MOVE = YES;
				CLANG_WARN_UNREACHABLE_CODE = YES;
				CLANG_WARN__DUPLICATE_METHOD_MATCH = YES;
				"CODE_SIGN_IDENTITY[sdk=iphoneos*]" = "iPhone Developer";
				COPY_PHASE_STRIP = NO;
				DEBUG_INFORMATION_FORMAT = dwarf;
				ENABLE_STRICT_OBJC_MSGSEND = YES;
				ENABLE_TESTABILITY = YES;
				GCC_C_LANGUAGE_STANDARD = gnu99;
				GCC_DYNAMIC_NO_PIC = NO;
				GCC_NO_COMMON_BLOCKS = YES;
				GCC_OPTIMIZATION_LEVEL = 0;
				GCC_PREPROCESSOR_DEFINITIONS = (
					"DEBUG=1",
					"$(inherited)",
				);
				GCC_WARN_64_TO_32_BIT_CONVERSION = YES;
				GCC_WARN_ABOUT_RETURN_TYPE = YES_ERROR;
				GCC_WARN_UNDECLARED_SELECTOR = YES;
				GCC_WARN_UNINITIALIZED_AUTOS = YES_AGGRESSIVE;
				GCC_WARN_UNUSED_FUNCTION = YES;
				GCC_WARN_UNUSED_VARIABLE = YES;
				IPHONEOS_DEPLOYMENT_TARGET = 10.2;
				MTL_ENABLE_DEBUG_INFO = YES;
				ONLY_ACTIVE_ARCH = YES;
				SDKROOT = iphoneos;
				SWIFT_ACTIVE_COMPILATION_CONDITIONS = DEBUG;
				SWIFT_OPTIMIZATION_LEVEL = "-Onone";
			};
			name = Debug;
		};
		91C873E81E35487D004A3EB6 /* Release */ = {
			isa = XCBuildConfiguration;
			buildSettings = {
				ALWAYS_SEARCH_USER_PATHS = NO;
				CLANG_ANALYZER_NONNULL = YES;
				CLANG_CXX_LANGUAGE_STANDARD = "gnu++0x";
				CLANG_CXX_LIBRARY = "libc++";
				CLANG_ENABLE_MODULES = YES;
				CLANG_ENABLE_OBJC_ARC = YES;
				CLANG_WARN_BOOL_CONVERSION = YES;
				CLANG_WARN_CONSTANT_CONVERSION = YES;
				CLANG_WARN_DIRECT_OBJC_ISA_USAGE = YES_ERROR;
				CLANG_WARN_DOCUMENTATION_COMMENTS = YES;
				CLANG_WARN_EMPTY_BODY = YES;
				CLANG_WARN_ENUM_CONVERSION = YES;
				CLANG_WARN_INFINITE_RECURSION = YES;
				CLANG_WARN_INT_CONVERSION = YES;
				CLANG_WARN_OBJC_ROOT_CLASS = YES_ERROR;
				CLANG_WARN_SUSPICIOUS_MOVE = YES;
				CLANG_WARN_UNREACHABLE_CODE = YES;
				CLANG_WARN__DUPLICATE_METHOD_MATCH = YES;
				"CODE_SIGN_IDENTITY[sdk=iphoneos*]" = "iPhone Developer";
				COPY_PHASE_STRIP = NO;
				DEBUG_INFORMATION_FORMAT = "dwarf-with-dsym";
				ENABLE_NS_ASSERTIONS = NO;
				ENABLE_STRICT_OBJC_MSGSEND = YES;
				GCC_C_LANGUAGE_STANDARD = gnu99;
				GCC_NO_COMMON_BLOCKS = YES;
				GCC_WARN_64_TO_32_BIT_CONVERSION = YES;
				GCC_WARN_ABOUT_RETURN_TYPE = YES_ERROR;
				GCC_WARN_UNDECLARED_SELECTOR = YES;
				GCC_WARN_UNINITIALIZED_AUTOS = YES_AGGRESSIVE;
				GCC_WARN_UNUSED_FUNCTION = YES;
				GCC_WARN_UNUSED_VARIABLE = YES;
				IPHONEOS_DEPLOYMENT_TARGET = 10.2;
				MTL_ENABLE_DEBUG_INFO = NO;
				SDKROOT = iphoneos;
				SWIFT_OPTIMIZATION_LEVEL = "-Owholemodule";
				VALIDATE_PRODUCT = YES;
			};
			name = Release;
		};
		91C873EA1E35487D004A3EB6 /* Debug */ = {
			isa = XCBuildConfiguration;
			baseConfigurationReference = 36EAC61DEDEF5BC95C45EBCF /* Pods-SubtitlesDownloader.debug.xcconfig */;
			buildSettings = {
				ASSETCATALOG_COMPILER_APPICON_NAME = AppIcon;
				DEVELOPMENT_TEAM = GJF586P7E7;
				INFOPLIST_FILE = SubtitlesDownloader/SupportFiles/Info.plist;
				LD_RUNPATH_SEARCH_PATHS = "$(inherited) @executable_path/Frameworks";
				PRODUCT_BUNDLE_IDENTIFIER = xyz.osinski.SubsDownloader;
				PRODUCT_NAME = "$(TARGET_NAME)";
				SWIFT_VERSION = 3.0;
			};
			name = Debug;
		};
		91C873EB1E35487D004A3EB6 /* Release */ = {
			isa = XCBuildConfiguration;
			baseConfigurationReference = D909013EA1ADF36BB5FBDEE9 /* Pods-SubtitlesDownloader.release.xcconfig */;
			buildSettings = {
				ASSETCATALOG_COMPILER_APPICON_NAME = AppIcon;
				DEVELOPMENT_TEAM = GJF586P7E7;
				INFOPLIST_FILE = SubtitlesDownloader/SupportFiles/Info.plist;
				LD_RUNPATH_SEARCH_PATHS = "$(inherited) @executable_path/Frameworks";
				PRODUCT_BUNDLE_IDENTIFIER = xyz.osinski.SubsDownloader;
				PRODUCT_NAME = "$(TARGET_NAME)";
				SWIFT_VERSION = 3.0;
			};
			name = Release;
		};
/* End XCBuildConfiguration section */

/* Begin XCConfigurationList section */
		91816DD31E3A752C002ED2C5 /* Build configuration list for PBXNativeTarget "SubtitlesDownloaderTests" */ = {
			isa = XCConfigurationList;
			buildConfigurations = (
				91816DD11E3A752C002ED2C5 /* Debug */,
				91816DD21E3A752C002ED2C5 /* Release */,
			);
			defaultConfigurationIsVisible = 0;
			defaultConfigurationName = Release;
		};
		91C873D21E35487D004A3EB6 /* Build configuration list for PBXProject "SubtitlesDownloader" */ = {
			isa = XCConfigurationList;
			buildConfigurations = (
				91C873E71E35487D004A3EB6 /* Debug */,
				91C873E81E35487D004A3EB6 /* Release */,
			);
			defaultConfigurationIsVisible = 0;
			defaultConfigurationName = Release;
		};
		91C873E91E35487D004A3EB6 /* Build configuration list for PBXNativeTarget "SubtitlesDownloader" */ = {
			isa = XCConfigurationList;
			buildConfigurations = (
				91C873EA1E35487D004A3EB6 /* Debug */,
				91C873EB1E35487D004A3EB6 /* Release */,
			);
			defaultConfigurationIsVisible = 0;
			defaultConfigurationName = Release;
		};
/* End XCConfigurationList section */
	};
	rootObject = 91C873CF1E35487D004A3EB6 /* Project object */;
}
